// !$*UTF8*$!
{
	archiveVersion = 1;
	classes = {
	};
	objectVersion = 50;
	objects = {

/* Begin PBXBuildFile section */
		5293BB4425AA9FC1001463DE /* AppDelegate.swift in Sources */ = {isa = PBXBuildFile; fileRef = 5293BB4325AA9FC1001463DE /* AppDelegate.swift */; };
		5293BB4625AA9FC1001463DE /* SceneDelegate.swift in Sources */ = {isa = PBXBuildFile; fileRef = 5293BB4525AA9FC1001463DE /* SceneDelegate.swift */; };
		5293BB4825AA9FC1001463DE /* FilesViewController.swift in Sources */ = {isa = PBXBuildFile; fileRef = 5293BB4725AA9FC1001463DE /* FilesViewController.swift */; };
		5293BB4B25AA9FC1001463DE /* Main.storyboard in Resources */ = {isa = PBXBuildFile; fileRef = 5293BB4925AA9FC1001463DE /* Main.storyboard */; };
		5293BB4E25AA9FC1001463DE /* FileList.xcdatamodeld in Sources */ = {isa = PBXBuildFile; fileRef = 5293BB4C25AA9FC1001463DE /* FileList.xcdatamodeld */; };
		5293BB5025AA9FC3001463DE /* Assets.xcassets in Resources */ = {isa = PBXBuildFile; fileRef = 5293BB4F25AA9FC3001463DE /* Assets.xcassets */; };
		5293BB5325AA9FC3001463DE /* LaunchScreen.storyboard in Resources */ = {isa = PBXBuildFile; fileRef = 5293BB5125AA9FC3001463DE /* LaunchScreen.storyboard */; };
		5293BB5E25AAA30D001463DE /* APIClient.swift in Sources */ = {isa = PBXBuildFile; fileRef = 5293BB5D25AAA30D001463DE /* APIClient.swift */; };
		5293BB6125AAA3C9001463DE /* File.swift in Sources */ = {isa = PBXBuildFile; fileRef = 5293BB6025AAA3C9001463DE /* File.swift */; };
		52B9101125AAEEAC00F65B75 /* FileCell.swift in Sources */ = {isa = PBXBuildFile; fileRef = 52B9100F25AAEEAC00F65B75 /* FileCell.swift */; };
		52B9101225AAEEAC00F65B75 /* FileCell.xib in Resources */ = {isa = PBXBuildFile; fileRef = 52B9101025AAEEAC00F65B75 /* FileCell.xib */; };
/* End PBXBuildFile section */

/* Begin PBXFileReference section */
		5293BB4025AA9FC1001463DE /* FileList.app */ = {isa = PBXFileReference; explicitFileType = wrapper.application; includeInIndex = 0; path = FileList.app; sourceTree = BUILT_PRODUCTS_DIR; };
		5293BB4325AA9FC1001463DE /* AppDelegate.swift */ = {isa = PBXFileReference; lastKnownFileType = sourcecode.swift; path = AppDelegate.swift; sourceTree = "<group>"; };
		5293BB4525AA9FC1001463DE /* SceneDelegate.swift */ = {isa = PBXFileReference; lastKnownFileType = sourcecode.swift; path = SceneDelegate.swift; sourceTree = "<group>"; };
		5293BB4725AA9FC1001463DE /* FilesViewController.swift */ = {isa = PBXFileReference; lastKnownFileType = sourcecode.swift; path = FilesViewController.swift; sourceTree = "<group>"; };
		5293BB4A25AA9FC1001463DE /* Base */ = {isa = PBXFileReference; lastKnownFileType = file.storyboard; name = Base; path = Base.lproj/Main.storyboard; sourceTree = "<group>"; };
		5293BB4D25AA9FC1001463DE /* FileList.xcdatamodel */ = {isa = PBXFileReference; lastKnownFileType = wrapper.xcdatamodel; path = FileList.xcdatamodel; sourceTree = "<group>"; };
		5293BB4F25AA9FC3001463DE /* Assets.xcassets */ = {isa = PBXFileReference; lastKnownFileType = folder.assetcatalog; path = Assets.xcassets; sourceTree = "<group>"; };
		5293BB5225AA9FC3001463DE /* Base */ = {isa = PBXFileReference; lastKnownFileType = file.storyboard; name = Base; path = Base.lproj/LaunchScreen.storyboard; sourceTree = "<group>"; };
		5293BB5425AA9FC3001463DE /* Info.plist */ = {isa = PBXFileReference; lastKnownFileType = text.plist.xml; path = Info.plist; sourceTree = "<group>"; };
		5293BB5D25AAA30D001463DE /* APIClient.swift */ = {isa = PBXFileReference; lastKnownFileType = sourcecode.swift; path = APIClient.swift; sourceTree = "<group>"; };
		5293BB6025AAA3C9001463DE /* File.swift */ = {isa = PBXFileReference; lastKnownFileType = sourcecode.swift; path = File.swift; sourceTree = "<group>"; };
		52B9100F25AAEEAC00F65B75 /* FileCell.swift */ = {isa = PBXFileReference; fileEncoding = 4; lastKnownFileType = sourcecode.swift; path = FileCell.swift; sourceTree = "<group>"; };
		52B9101025AAEEAC00F65B75 /* FileCell.xib */ = {isa = PBXFileReference; fileEncoding = 4; lastKnownFileType = file.xib; path = FileCell.xib; sourceTree = "<group>"; };
/* End PBXFileReference section */

/* Begin PBXFrameworksBuildPhase section */
		5293BB3D25AA9FC1001463DE /* Frameworks */ = {
			isa = PBXFrameworksBuildPhase;
			buildActionMask = 2147483647;
			files = (
			);
			runOnlyForDeploymentPostprocessing = 0;
		};
/* End PBXFrameworksBuildPhase section */

/* Begin PBXGroup section */
		5293BB3725AA9FC1001463DE = {
			isa = PBXGroup;
			children = (
				5293BB4225AA9FC1001463DE /* FileList */,
				5293BB4125AA9FC1001463DE /* Products */,
			);
			sourceTree = "<group>";
		};
		5293BB4125AA9FC1001463DE /* Products */ = {
			isa = PBXGroup;
			children = (
				5293BB4025AA9FC1001463DE /* FileList.app */,
			);
			name = Products;
			sourceTree = "<group>";
		};
		5293BB4225AA9FC1001463DE /* FileList */ = {
			isa = PBXGroup;
			children = (
				52B9100F25AAEEAC00F65B75 /* FileCell.swift */,
				52B9101025AAEEAC00F65B75 /* FileCell.xib */,
				5293BB4325AA9FC1001463DE /* AppDelegate.swift */,
				5293BB4525AA9FC1001463DE /* SceneDelegate.swift */,
				5293BB4725AA9FC1001463DE /* FilesViewController.swift */,
				5293BB5D25AAA30D001463DE /* APIClient.swift */,
				5293BB6025AAA3C9001463DE /* File.swift */,
				5293BB4925AA9FC1001463DE /* Main.storyboard */,
				5293BB4F25AA9FC3001463DE /* Assets.xcassets */,
				5293BB5125AA9FC3001463DE /* LaunchScreen.storyboard */,
				5293BB5425AA9FC3001463DE /* Info.plist */,
				5293BB4C25AA9FC1001463DE /* FileList.xcdatamodeld */,
			);
			path = FileList;
			sourceTree = "<group>";
		};
/* End PBXGroup section */

/* Begin PBXNativeTarget section */
		5293BB3F25AA9FC1001463DE /* FileList */ = {
			isa = PBXNativeTarget;
			buildConfigurationList = 5293BB5725AA9FC3001463DE /* Build configuration list for PBXNativeTarget "FileList" */;
			buildPhases = (
				5293BB3C25AA9FC1001463DE /* Sources */,
				5293BB3D25AA9FC1001463DE /* Frameworks */,
				5293BB3E25AA9FC1001463DE /* Resources */,
			);
			buildRules = (
			);
			dependencies = (
			);
			name = FileList;
			productName = FileList;
			productReference = 5293BB4025AA9FC1001463DE /* FileList.app */;
			productType = "com.apple.product-type.application";
		};
/* End PBXNativeTarget section */

/* Begin PBXProject section */
		5293BB3825AA9FC1001463DE /* Project object */ = {
			isa = PBXProject;
			attributes = {
				LastSwiftUpdateCheck = 1200;
				LastUpgradeCheck = 1200;
				TargetAttributes = {
					5293BB3F25AA9FC1001463DE = {
						CreatedOnToolsVersion = 12.0.1;
					};
				};
			};
			buildConfigurationList = 5293BB3B25AA9FC1001463DE /* Build configuration list for PBXProject "FileList" */;
			compatibilityVersion = "Xcode 9.3";
			developmentRegion = en;
			hasScannedForEncodings = 0;
			knownRegions = (
				en,
				Base,
			);
			mainGroup = 5293BB3725AA9FC1001463DE;
			productRefGroup = 5293BB4125AA9FC1001463DE /* Products */;
			projectDirPath = "";
			projectRoot = "";
			targets = (
				5293BB3F25AA9FC1001463DE /* FileList */,
			);
		};
/* End PBXProject section */

/* Begin PBXResourcesBuildPhase section */
		5293BB3E25AA9FC1001463DE /* Resources */ = {
			isa = PBXResourcesBuildPhase;
			buildActionMask = 2147483647;
			files = (
				5293BB5325AA9FC3001463DE /* LaunchScreen.storyboard in Resources */,
				52B9101225AAEEAC00F65B75 /* FileCell.xib in Resources */,
				5293BB5025AA9FC3001463DE /* Assets.xcassets in Resources */,
				5293BB4B25AA9FC1001463DE /* Main.storyboard in Resources */,
			);
			runOnlyForDeploymentPostprocessing = 0;
		};
/* End PBXResourcesBuildPhase section */

/* Begin PBXSourcesBuildPhase section */
		5293BB3C25AA9FC1001463DE /* Sources */ = {
			isa = PBXSourcesBuildPhase;
			buildActionMask = 2147483647;
			files = (
				52B9101125AAEEAC00F65B75 /* FileCell.swift in Sources */,
				5293BB4825AA9FC1001463DE /* FilesViewController.swift in Sources */,
				5293BB4E25AA9FC1001463DE /* FileList.xcdatamodeld in Sources */,
				5293BB4425AA9FC1001463DE /* AppDelegate.swift in Sources */,
				5293BB5E25AAA30D001463DE /* APIClient.swift in Sources */,
				5293BB4625AA9FC1001463DE /* SceneDelegate.swift in Sources */,
				5293BB6125AAA3C9001463DE /* File.swift in Sources */,
			);
			runOnlyForDeploymentPostprocessing = 0;
		};
/* End PBXSourcesBuildPhase section */

/* Begin PBXVariantGroup section */
		5293BB4925AA9FC1001463DE /* Main.storyboard */ = {
			isa = PBXVariantGroup;
			children = (
				5293BB4A25AA9FC1001463DE /* Base */,
			);
			name = Main.storyboard;
			sourceTree = "<group>";
		};
		5293BB5125AA9FC3001463DE /* LaunchScreen.storyboard */ = {
			isa = PBXVariantGroup;
			children = (
				5293BB5225AA9FC3001463DE /* Base */,
			);
			name = LaunchScreen.storyboard;
			sourceTree = "<group>";
		};
/* End PBXVariantGroup section */

/* Begin XCBuildConfiguration section */
		5293BB5525AA9FC3001463DE /* Debug */ = {
			isa = XCBuildConfiguration;
			buildSettings = {
				ALWAYS_SEARCH_USER_PATHS = NO;
				CLANG_ANALYZER_NONNULL = YES;
				CLANG_ANALYZER_NUMBER_OBJECT_CONVERSION = YES_AGGRESSIVE;
				CLANG_CXX_LANGUAGE_STANDARD = "gnu++14";
				CLANG_CXX_LIBRARY = "libc++";
				CLANG_ENABLE_MODULES = YES;
				CLANG_ENABLE_OBJC_ARC = YES;
				CLANG_ENABLE_OBJC_WEAK = YES;
				CLANG_WARN_BLOCK_CAPTURE_AUTORELEASING = YES;
				CLANG_WARN_BOOL_CONVERSION = YES;
				CLANG_WARN_COMMA = YES;
				CLANG_WARN_CONSTANT_CONVERSION = YES;
				CLANG_WARN_DEPRECATED_OBJC_IMPLEMENTATIONS = YES;
				CLANG_WARN_DIRECT_OBJC_ISA_USAGE = YES_ERROR;
				CLANG_WARN_DOCUMENTATION_COMMENTS = YES;
				CLANG_WARN_EMPTY_BODY = YES;
				CLANG_WARN_ENUM_CONVERSION = YES;
				CLANG_WARN_INFINITE_RECURSION = YES;
				CLANG_WARN_INT_CONVERSION = YES;
				CLANG_WARN_NON_LITERAL_NULL_CONVERSION = YES;
				CLANG_WARN_OBJC_IMPLICIT_RETAIN_SELF = YES;
				CLANG_WARN_OBJC_LITERAL_CONVERSION = YES;
				CLANG_WARN_OBJC_ROOT_CLASS = YES_ERROR;
				CLANG_WARN_QUOTED_INCLUDE_IN_FRAMEWORK_HEADER = YES;
				CLANG_WARN_RANGE_LOOP_ANALYSIS = YES;
				CLANG_WARN_STRICT_PROTOTYPES = YES;
				CLANG_WARN_SUSPICIOUS_MOVE = YES;
				CLANG_WARN_UNGUARDED_AVAILABILITY = YES_AGGRESSIVE;
				CLANG_WARN_UNREACHABLE_CODE = YES;
				CLANG_WARN__DUPLICATE_METHOD_MATCH = YES;
				COPY_PHASE_STRIP = NO;
				DEBUG_INFORMATION_FORMAT = dwarf;
				ENABLE_STRICT_OBJC_MSGSEND = YES;
				ENABLE_TESTABILITY = YES;
				GCC_C_LANGUAGE_STANDARD = gnu11;
				GCC_DYNAMIC_NO_PIC = NO;
				GCC_NO_COMMON_BLOCKS = YES;
				GCC_OPTIMIZATION_LEVEL = 0;
				GCC_PREPROCESSOR_DEFINITIONS = (
					"DEBUG=1",
					"$(inherited)",
				);
				GCC_WARN_64_TO_32_BIT_CONVERSION = YES;
				GCC_WARN_ABOUT_RETURN_TYPE = YES_ERROR;
				GCC_WARN_UNDECLARED_SELECTOR = YES;
				GCC_WARN_UNINITIALIZED_AUTOS = YES_AGGRESSIVE;
				GCC_WARN_UNUSED_FUNCTION = YES;
				GCC_WARN_UNUSED_VARIABLE = YES;
				IPHONEOS_DEPLOYMENT_TARGET = 14.0;
				MTL_ENABLE_DEBUG_INFO = INCLUDE_SOURCE;
				MTL_FAST_MATH = YES;
				ONLY_ACTIVE_ARCH = YES;
				SDKROOT = iphoneos;
				SWIFT_ACTIVE_COMPILATION_CONDITIONS = DEBUG;
				SWIFT_OPTIMIZATION_LEVEL = "-Onone";
			};
			name = Debug;
		};
		5293BB5625AA9FC3001463DE /* Release */ = {
			isa = XCBuildConfiguration;
			buildSettings = {
				ALWAYS_SEARCH_USER_PATHS = NO;
				CLANG_ANALYZER_NONNULL = YES;
				CLANG_ANALYZER_NUMBER_OBJECT_CONVERSION = YES_AGGRESSIVE;
				CLANG_CXX_LANGUAGE_STANDARD = "gnu++14";
				CLANG_CXX_LIBRARY = "libc++";
				CLANG_ENABLE_MODULES = YES;
				CLANG_ENABLE_OBJC_ARC = YES;
				CLANG_ENABLE_OBJC_WEAK = YES;
				CLANG_WARN_BLOCK_CAPTURE_AUTORELEASING = YES;
				CLANG_WARN_BOOL_CONVERSION = YES;
				CLANG_WARN_COMMA = YES;
				CLANG_WARN_CONSTANT_CONVERSION = YES;
				CLANG_WARN_DEPRECATED_OBJC_IMPLEMENTATIONS = YES;
				CLANG_WARN_DIRECT_OBJC_ISA_USAGE = YES_ERROR;
				CLANG_WARN_DOCUMENTATION_COMMENTS = YES;
				CLANG_WARN_EMPTY_BODY = YES;
				CLANG_WARN_ENUM_CONVERSION = YES;
				CLANG_WARN_INFINITE_RECURSION = YES;
				CLANG_WARN_INT_CONVERSION = YES;
				CLANG_WARN_NON_LITERAL_NULL_CONVERSION = YES;
				CLANG_WARN_OBJC_IMPLICIT_RETAIN_SELF = YES;
				CLANG_WARN_OBJC_LITERAL_CONVERSION = YES;
				CLANG_WARN_OBJC_ROOT_CLASS = YES_ERROR;
				CLANG_WARN_QUOTED_INCLUDE_IN_FRAMEWORK_HEADER = YES;
				CLANG_WARN_RANGE_LOOP_ANALYSIS = YES;
				CLANG_WARN_STRICT_PROTOTYPES = YES;
				CLANG_WARN_SUSPICIOUS_MOVE = YES;
				CLANG_WARN_UNGUARDED_AVAILABILITY = YES_AGGRESSIVE;
				CLANG_WARN_UNREACHABLE_CODE = YES;
				CLANG_WARN__DUPLICATE_METHOD_MATCH = YES;
				COPY_PHASE_STRIP = NO;
				DEBUG_INFORMATION_FORMAT = "dwarf-with-dsym";
				ENABLE_NS_ASSERTIONS = NO;
				ENABLE_STRICT_OBJC_MSGSEND = YES;
				GCC_C_LANGUAGE_STANDARD = gnu11;
				GCC_NO_COMMON_BLOCKS = YES;
				GCC_WARN_64_TO_32_BIT_CONVERSION = YES;
				GCC_WARN_ABOUT_RETURN_TYPE = YES_ERROR;
				GCC_WARN_UNDECLARED_SELECTOR = YES;
				GCC_WARN_UNINITIALIZED_AUTOS = YES_AGGRESSIVE;
				GCC_WARN_UNUSED_FUNCTION = YES;
				GCC_WARN_UNUSED_VARIABLE = YES;
				IPHONEOS_DEPLOYMENT_TARGET = 14.0;
				MTL_ENABLE_DEBUG_INFO = NO;
				MTL_FAST_MATH = YES;
				SDKROOT = iphoneos;
				SWIFT_COMPILATION_MODE = wholemodule;
				SWIFT_OPTIMIZATION_LEVEL = "-O";
				VALIDATE_PRODUCT = YES;
			};
			name = Release;
		};
		5293BB5825AA9FC3001463DE /* Debug */ = {
			isa = XCBuildConfiguration;
			buildSettings = {
				ASSETCATALOG_COMPILER_APPICON_NAME = AppIcon;
				ASSETCATALOG_COMPILER_GLOBAL_ACCENT_COLOR_NAME = AccentColor;
				CODE_SIGN_IDENTITY = "Apple Development";
				CODE_SIGN_STYLE = Automatic;
				DEVELOPMENT_TEAM = 6W6HC74Q57;
				INFOPLIST_FILE = FileList/Info.plist;
				IPHONEOS_DEPLOYMENT_TARGET = 14.0;
				LD_RUNPATH_SEARCH_PATHS = (
					"$(inherited)",
					"@executable_path/Frameworks",
				);
				PRODUCT_BUNDLE_IDENTIFIER = project.tl.FileList;
				PRODUCT_NAME = "$(TARGET_NAME)";
				PROVISIONING_PROFILE_SPECIFIER = "";
				SWIFT_VERSION = 5.0;
				TARGETED_DEVICE_FAMILY = 1;
			};
			name = Debug;
		};
		5293BB5925AA9FC3001463DE /* Release */ = {
			isa = XCBuildConfiguration;
			buildSettings = {
				ASSETCATALOG_COMPILER_APPICON_NAME = AppIcon;
				ASSETCATALOG_COMPILER_GLOBAL_ACCENT_COLOR_NAME = AccentColor;
				CODE_SIGN_IDENTITY = "Apple Development";
				CODE_SIGN_STYLE = Automatic;
				DEVELOPMENT_TEAM = 6W6HC74Q57;
				INFOPLIST_FILE = FileList/Info.plist;
				IPHONEOS_DEPLOYMENT_TARGET = 14.0;
				LD_RUNPATH_SEARCH_PATHS = (
					"$(inherited)",
					"@executable_path/Frameworks",
				);
				PRODUCT_BUNDLE_IDENTIFIER = project.tl.FileList;
				PRODUCT_NAME = "$(TARGET_NAME)";
				PROVISIONING_PROFILE_SPECIFIER = "";
				SWIFT_VERSION = 5.0;
				TARGETED_DEVICE_FAMILY = 1;
			};
			name = Release;
		};
/* End XCBuildConfiguration section */

/* Begin XCConfigurationList section */
		5293BB3B25AA9FC1001463DE /* Build configuration list for PBXProject "FileList" */ = {
			isa = XCConfigurationList;
			buildConfigurations = (
				5293BB5525AA9FC3001463DE /* Debug */,
				5293BB5625AA9FC3001463DE /* Release */,
			);
			defaultConfigurationIsVisible = 0;
			defaultConfigurationName = Release;
		};
		5293BB5725AA9FC3001463DE /* Build configuration list for PBXNativeTarget "FileList" */ = {
			isa = XCConfigurationList;
			buildConfigurations = (
				5293BB5825AA9FC3001463DE /* Debug */,
				5293BB5925AA9FC3001463DE /* Release */,
			);
			defaultConfigurationIsVisible = 0;
			defaultConfigurationName = Release;
		};
/* End XCConfigurationList section */

/* Begin XCVersionGroup section */
		5293BB4C25AA9FC1001463DE /* FileList.xcdatamodeld */ = {
			isa = XCVersionGroup;
			children = (
				5293BB4D25AA9FC1001463DE /* FileList.xcdatamodel */,
			);
			currentVersion = 5293BB4D25AA9FC1001463DE /* FileList.xcdatamodel */;
			path = FileList.xcdatamodeld;
			sourceTree = "<group>";
			versionGroupType = wrapper.xcdatamodel;
		};
/* End XCVersionGroup section */
	};
	rootObject = 5293BB3825AA9FC1001463DE /* Project object */;
}
